
Microsoft Visual Studio Solution File, Format Version 12.00
# Visual Studio Version 16
VisualStudioVersion = 16.0.33529.622
MinimumVisualStudioVersion = 10.0.40219.1
Project("{FAE04EC0-301F-11D3-BF4B-00C04F79EFBC}") = "SunriseSunset", "SunriseSunset\SunriseSunset.csproj", "{E980DB4C-002C-4415-998B-F96A8A3B3C7D}"
EndProject
Global
	GlobalSection(SolutionConfigurationPlatforms) = preSolution
		Debug|Any CPU = Debug|Any CPU
		Release|Any CPU = Release|Any CPU
	EndGlobalSection
	GlobalSection(ProjectConfigurationPlatforms) = postSolution
		{E980DB4C-002C-4415-998B-F96A8A3B3C7D}.Debug|Any CPU.ActiveCfg = Debug|Any CPU
		{E980DB4C-002C-4415-998B-F96A8A3B3C7D}.Debug|Any CPU.Build.0 = Debug|Any CPU
		{E980DB4C-002C-4415-998B-F96A8A3B3C7D}.Release|Any CPU.ActiveCfg = Release|Any CPU
		{E980DB4C-002C-4415-998B-F96A8A3B3C7D}.Release|Any CPU.Build.0 = Release|Any CPU
	EndGlobalSection
	GlobalSection(SolutionProperties) = preSolution
		HideSolutionNode = FALSE
	EndGlobalSection
	GlobalSection(ExtensibilityGlobals) = postSolution
		SolutionGuid = {13B6B7A7-6B69-4891-9D20-5749912A7E12}
	EndGlobalSection
EndGlobal
